
Microsoft Visual Studio Solution File, Format Version 12.00
# Visual Studio Version 17
VisualStudioVersion = 17.10.34916.146
MinimumVisualStudioVersion = 10.0.40219.1
Project("{FAE04EC0-301F-11D3-BF4B-00C04F79EFBC}") = "VerbatimStrings", "VerbatimStrings\VerbatimStrings.csproj", "{8C59CD65-F898-498F-AC18-D049399B37D8}"
EndProject
Global
	GlobalSection(SolutionConfigurationPlatforms) = preSolution
		Debug|Any CPU = Debug|Any CPU
		Release|Any CPU = Release|Any CPU
	EndGlobalSection
	GlobalSection(ProjectConfigurationPlatforms) = postSolution
		{8C59CD65-F898-498F-AC18-D049399B37D8}.Debug|Any CPU.ActiveCfg = Debug|Any CPU
		{8C59CD65-F898-498F-AC18-D049399B37D8}.Debug|Any CPU.Build.0 = Debug|Any CPU
		{8C59CD65-F898-498F-AC18-D049399B37D8}.Release|Any CPU.ActiveCfg = Release|Any CPU
		{8C59CD65-F898-498F-AC18-D049399B37D8}.Release|Any CPU.Build.0 = Release|Any CPU
	EndGlobalSection
	GlobalSection(SolutionProperties) = preSolution
		HideSolutionNode = FALSE
	EndGlobalSection
	GlobalSection(ExtensibilityGlobals) = postSolution
		SolutionGuid = {C30E97D1-C38C-4F98-A753-274B2CE271B6}
	EndGlobalSection
EndGlobal
