
Microsoft Visual Studio Solution File, Format Version 12.00
# Visual Studio Version 17
VisualStudioVersion = 17.10.34916.146
MinimumVisualStudioVersion = 10.0.40219.1
Project("{FAE04EC0-301F-11D3-BF4B-00C04F79EFBC}") = "NumericFormat", "NumericFormat\NumericFormat.csproj", "{643CA72A-9CA8-4912-AC73-F30BC708D8B1}"
EndProject
Global
	GlobalSection(SolutionConfigurationPlatforms) = preSolution
		Debug|Any CPU = Debug|Any CPU
		Release|Any CPU = Release|Any CPU
	EndGlobalSection
	GlobalSection(ProjectConfigurationPlatforms) = postSolution
		{643CA72A-9CA8-4912-AC73-F30BC708D8B1}.Debug|Any CPU.ActiveCfg = Debug|Any CPU
		{643CA72A-9CA8-4912-AC73-F30BC708D8B1}.Debug|Any CPU.Build.0 = Debug|Any CPU
		{643CA72A-9CA8-4912-AC73-F30BC708D8B1}.Release|Any CPU.ActiveCfg = Release|Any CPU
		{643CA72A-9CA8-4912-AC73-F30BC708D8B1}.Release|Any CPU.Build.0 = Release|Any CPU
	EndGlobalSection
	GlobalSection(SolutionProperties) = preSolution
		HideSolutionNode = FALSE
	EndGlobalSection
	GlobalSection(ExtensibilityGlobals) = postSolution
		SolutionGuid = {E63E96B2-7DF0-475B-8413-C2E4E1A06B60}
	EndGlobalSection
EndGlobal
