
Microsoft Visual Studio Solution File, Format Version 12.00
# Visual Studio Version 17
VisualStudioVersion = 17.10.34916.146
MinimumVisualStudioVersion = 10.0.40219.1
Project("{FAE04EC0-301F-11D3-BF4B-00C04F79EFBC}") = "OddVsEven", "OddVsEven\OddVsEven.csproj", "{A8E422FD-2977-4900-8CC0-5358395F5AA5}"
EndProject
Global
	GlobalSection(SolutionConfigurationPlatforms) = preSolution
		Debug|Any CPU = Debug|Any CPU
		Release|Any CPU = Release|Any CPU
	EndGlobalSection
	GlobalSection(ProjectConfigurationPlatforms) = postSolution
		{A8E422FD-2977-4900-8CC0-5358395F5AA5}.Debug|Any CPU.ActiveCfg = Debug|Any CPU
		{A8E422FD-2977-4900-8CC0-5358395F5AA5}.Debug|Any CPU.Build.0 = Debug|Any CPU
		{A8E422FD-2977-4900-8CC0-5358395F5AA5}.Release|Any CPU.ActiveCfg = Release|Any CPU
		{A8E422FD-2977-4900-8CC0-5358395F5AA5}.Release|Any CPU.Build.0 = Release|Any CPU
	EndGlobalSection
	GlobalSection(SolutionProperties) = preSolution
		HideSolutionNode = FALSE
	EndGlobalSection
	GlobalSection(ExtensibilityGlobals) = postSolution
		SolutionGuid = {150ED1E0-7F56-4B54-A932-E6C0F969EAD7}
	EndGlobalSection
EndGlobal
